
Microsoft Visual Studio Solution File, Format Version 12.00
# Visual Studio 15
VisualStudioVersion = 15.0.27004.2002
MinimumVisualStudioVersion = 10.0.40219.1
Project("{FAE04EC0-301F-11D3-BF4B-00C04F79EFBC}") = "MASTER", "MASTER\MASTER.csproj", "{83A3D753-BED2-49B2-9FC7-73D62CAD4E54}"
EndProject
Global
	GlobalSection(SolutionConfigurationPlatforms) = preSolution
		Debug|Any CPU = Debug|Any CPU
		Release|Any CPU = Release|Any CPU
	EndGlobalSection
	GlobalSection(ProjectConfigurationPlatforms) = postSolution
		{83A3D753-BED2-49B2-9FC7-73D62CAD4E54}.Debug|Any CPU.ActiveCfg = Debug|Any CPU
		{83A3D753-BED2-49B2-9FC7-73D62CAD4E54}.Debug|Any CPU.Build.0 = Debug|Any CPU
		{83A3D753-BED2-49B2-9FC7-73D62CAD4E54}.Release|Any CPU.ActiveCfg = Release|Any CPU
		{83A3D753-BED2-49B2-9FC7-73D62CAD4E54}.Release|Any CPU.Build.0 = Release|Any CPU
	EndGlobalSection
	GlobalSection(SolutionProperties) = preSolution
		HideSolutionNode = FALSE
	EndGlobalSection
	GlobalSection(ExtensibilityGlobals) = postSolution
		SolutionGuid = {3DD6E63C-2D0D-46FB-8FE0-0447625B31A0}
	EndGlobalSection
EndGlobal
